// !$*UTF8*$!
{
	archiveVersion = 1;
	classes = {
	};
	objectVersion = 46;
	objects = {

/* Begin PBXBuildFile section */
		F13D79BD1D5313560086116F /* filter.png in Resources */ = {isa = PBXBuildFile; fileRef = F13D79BC1D5313560086116F /* filter.png */; };
		F13D79BF1D5313CD0086116F /* white logo.png in Resources */ = {isa = PBXBuildFile; fileRef = F13D79BE1D5313CD0086116F /* white logo.png */; };
		F13D79C11D5314A80086116F /* launch-bg.JPG in Resources */ = {isa = PBXBuildFile; fileRef = F13D79C01D5314A80086116F /* launch-bg.JPG */; };
		F13D79C31D53161E0086116F /* white logo-cropped.png in Resources */ = {isa = PBXBuildFile; fileRef = F13D79C21D53161E0086116F /* white logo-cropped.png */; };
		F17553FB1D53036C00191C4D /* maisonneuebold.ttf in Resources */ = {isa = PBXBuildFile; fileRef = F17553F11D53036C00191C4D /* maisonneuebold.ttf */; };
		F17553FC1D53036C00191C4D /* maisonneuebolditalic.ttf in Resources */ = {isa = PBXBuildFile; fileRef = F17553F21D53036C00191C4D /* maisonneuebolditalic.ttf */; };
		F17553FD1D53036C00191C4D /* maisonneuebook.ttf in Resources */ = {isa = PBXBuildFile; fileRef = F17553F31D53036C00191C4D /* maisonneuebook.ttf */; };
		F17553FE1D53036C00191C4D /* maisonneuebookitalic.ttf in Resources */ = {isa = PBXBuildFile; fileRef = F17553F41D53036C00191C4D /* maisonneuebookitalic.ttf */; };
		F17553FF1D53036C00191C4D /* maisonneuemono.ttf in Resources */ = {isa = PBXBuildFile; fileRef = F17553F51D53036C00191C4D /* maisonneuemono.ttf */; };
		F17554001D53036C00191C4D /* maisonneuemonoitalic.ttf in Resources */ = {isa = PBXBuildFile; fileRef = F17553F61D53036C00191C4D /* maisonneuemonoitalic.ttf */; };
		F17554011D53036C00191C4D /* Octavius-bold.otf in Resources */ = {isa = PBXBuildFile; fileRef = F17553F71D53036C00191C4D /* Octavius-bold.otf */; };
		F17554021D53036C00191C4D /* Octavius-condensed-bold.otf in Resources */ = {isa = PBXBuildFile; fileRef = F17553F81D53036C00191C4D /* Octavius-condensed-bold.otf */; };
		F17554031D53036C00191C4D /* Octavius-condensed.otf in Resources */ = {isa = PBXBuildFile; fileRef = F17553F91D53036C00191C4D /* Octavius-condensed.otf */; };
		F17554041D53036C00191C4D /* Octavius-regular.otf in Resources */ = {isa = PBXBuildFile; fileRef = F17553FA1D53036C00191C4D /* Octavius-regular.otf */; };
		F194CEB91D52FACC004A4A09 /* main.m in Sources */ = {isa = PBXBuildFile; fileRef = F194CEB81D52FACC004A4A09 /* main.m */; };
		F194CEBC1D52FACC004A4A09 /* AppDelegate.m in Sources */ = {isa = PBXBuildFile; fileRef = F194CEBB1D52FACC004A4A09 /* AppDelegate.m */; };
		F194CEBF1D52FACC004A4A09 /* FirstViewController.m in Sources */ = {isa = PBXBuildFile; fileRef = F194CEBE1D52FACC004A4A09 /* FirstViewController.m */; };
		F194CEC21D52FACC004A4A09 /* SecondViewController.m in Sources */ = {isa = PBXBuildFile; fileRef = F194CEC11D52FACC004A4A09 /* SecondViewController.m */; };
		F194CEC51D52FACC004A4A09 /* Main.storyboard in Resources */ = {isa = PBXBuildFile; fileRef = F194CEC31D52FACC004A4A09 /* Main.storyboard */; };
		F194CEC71D52FACC004A4A09 /* Assets.xcassets in Resources */ = {isa = PBXBuildFile; fileRef = F194CEC61D52FACC004A4A09 /* Assets.xcassets */; };
		F194CECA1D52FACC004A4A09 /* LaunchScreen.storyboard in Resources */ = {isa = PBXBuildFile; fileRef = F194CEC81D52FACC004A4A09 /* LaunchScreen.storyboard */; };
		F194CED51D52FACC004A4A09 /* neonTests.m in Sources */ = {isa = PBXBuildFile; fileRef = F194CED41D52FACC004A4A09 /* neonTests.m */; };
		F194CEE01D52FACC004A4A09 /* neonUITests.m in Sources */ = {isa = PBXBuildFile; fileRef = F194CEDF1D52FACC004A4A09 /* neonUITests.m */; };
/* End PBXBuildFile section */

/* Begin PBXContainerItemProxy section */
		F194CED11D52FACC004A4A09 /* PBXContainerItemProxy */ = {
			isa = PBXContainerItemProxy;
			containerPortal = F194CEAC1D52FACC004A4A09 /* Project object */;
			proxyType = 1;
			remoteGlobalIDString = F194CEB31D52FACC004A4A09;
			remoteInfo = neon;
		};
		F194CEDC1D52FACC004A4A09 /* PBXContainerItemProxy */ = {
			isa = PBXContainerItemProxy;
			containerPortal = F194CEAC1D52FACC004A4A09 /* Project object */;
			proxyType = 1;
			remoteGlobalIDString = F194CEB31D52FACC004A4A09;
			remoteInfo = neon;
		};
/* End PBXContainerItemProxy section */

/* Begin PBXFileReference section */
		F13D79BC1D5313560086116F /* filter.png */ = {isa = PBXFileReference; lastKnownFileType = image.png; name = filter.png; path = ../../../../filter.png; sourceTree = "<group>"; };
		F13D79BE1D5313CD0086116F /* white logo.png */ = {isa = PBXFileReference; lastKnownFileType = image.png; name = "white logo.png"; path = "../../../../white logo.png"; sourceTree = "<group>"; };
		F13D79C01D5314A80086116F /* launch-bg.JPG */ = {isa = PBXFileReference; lastKnownFileType = image.jpeg; name = "launch-bg.JPG"; path = "../../../../launch-bg.JPG"; sourceTree = "<group>"; };
		F13D79C21D53161E0086116F /* white logo-cropped.png */ = {isa = PBXFileReference; lastKnownFileType = image.png; name = "white logo-cropped.png"; path = "../../../../white logo-cropped.png"; sourceTree = "<group>"; };
		F17553F11D53036C00191C4D /* maisonneuebold.ttf */ = {isa = PBXFileReference; lastKnownFileType = file; name = maisonneuebold.ttf; path = ../../../../fonts/maisonneuebold.ttf; sourceTree = "<group>"; };
		F17553F21D53036C00191C4D /* maisonneuebolditalic.ttf */ = {isa = PBXFileReference; lastKnownFileType = file; name = maisonneuebolditalic.ttf; path = ../../../../fonts/maisonneuebolditalic.ttf; sourceTree = "<group>"; };
		F17553F31D53036C00191C4D /* maisonneuebook.ttf */ = {isa = PBXFileReference; lastKnownFileType = file; name = maisonneuebook.ttf; path = ../../../../fonts/maisonneuebook.ttf; sourceTree = "<group>"; };
		F17553F41D53036C00191C4D /* maisonneuebookitalic.ttf */ = {isa = PBXFileReference; lastKnownFileType = file; name = maisonneuebookitalic.ttf; path = ../../../../fonts/maisonneuebookitalic.ttf; sourceTree = "<group>"; };
		F17553F51D53036C00191C4D /* maisonneuemono.ttf */ = {isa = PBXFileReference; lastKnownFileType = file; name = maisonneuemono.ttf; path = ../../../../fonts/maisonneuemono.ttf; sourceTree = "<group>"; };
		F17553F61D53036C00191C4D /* maisonneuemonoitalic.ttf */ = {isa = PBXFileReference; lastKnownFileType = file; name = maisonneuemonoitalic.ttf; path = ../../../../fonts/maisonneuemonoitalic.ttf; sourceTree = "<group>"; };
		F17553F71D53036C00191C4D /* Octavius-bold.otf */ = {isa = PBXFileReference; lastKnownFileType = file; name = "Octavius-bold.otf"; path = "../../../../fonts/Octavius-bold.otf"; sourceTree = "<group>"; };
		F17553F81D53036C00191C4D /* Octavius-condensed-bold.otf */ = {isa = PBXFileReference; lastKnownFileType = file; name = "Octavius-condensed-bold.otf"; path = "../../../../fonts/Octavius-condensed-bold.otf"; sourceTree = "<group>"; };
		F17553F91D53036C00191C4D /* Octavius-condensed.otf */ = {isa = PBXFileReference; lastKnownFileType = file; name = "Octavius-condensed.otf"; path = "../../../../fonts/Octavius-condensed.otf"; sourceTree = "<group>"; };
		F17553FA1D53036C00191C4D /* Octavius-regular.otf */ = {isa = PBXFileReference; lastKnownFileType = file; name = "Octavius-regular.otf"; path = "../../../../fonts/Octavius-regular.otf"; sourceTree = "<group>"; };
		F194CEB41D52FACC004A4A09 /* neon.app */ = {isa = PBXFileReference; explicitFileType = wrapper.application; includeInIndex = 0; path = neon.app; sourceTree = BUILT_PRODUCTS_DIR; };
		F194CEB81D52FACC004A4A09 /* main.m */ = {isa = PBXFileReference; lastKnownFileType = sourcecode.c.objc; path = main.m; sourceTree = "<group>"; };
		F194CEBA1D52FACC004A4A09 /* AppDelegate.h */ = {isa = PBXFileReference; lastKnownFileType = sourcecode.c.h; path = AppDelegate.h; sourceTree = "<group>"; };
		F194CEBB1D52FACC004A4A09 /* AppDelegate.m */ = {isa = PBXFileReference; lastKnownFileType = sourcecode.c.objc; path = AppDelegate.m; sourceTree = "<group>"; };
		F194CEBD1D52FACC004A4A09 /* FirstViewController.h */ = {isa = PBXFileReference; lastKnownFileType = sourcecode.c.h; path = FirstViewController.h; sourceTree = "<group>"; };
		F194CEBE1D52FACC004A4A09 /* FirstViewController.m */ = {isa = PBXFileReference; lastKnownFileType = sourcecode.c.objc; path = FirstViewController.m; sourceTree = "<group>"; };
		F194CEC01D52FACC004A4A09 /* SecondViewController.h */ = {isa = PBXFileReference; lastKnownFileType = sourcecode.c.h; path = SecondViewController.h; sourceTree = "<group>"; };
		F194CEC11D52FACC004A4A09 /* SecondViewController.m */ = {isa = PBXFileReference; lastKnownFileType = sourcecode.c.objc; path = SecondViewController.m; sourceTree = "<group>"; };
		F194CEC41D52FACC004A4A09 /* Base */ = {isa = PBXFileReference; lastKnownFileType = file.storyboard; name = Base; path = Base.lproj/Main.storyboard; sourceTree = "<group>"; };
		F194CEC61D52FACC004A4A09 /* Assets.xcassets */ = {isa = PBXFileReference; lastKnownFileType = folder.assetcatalog; path = Assets.xcassets; sourceTree = "<group>"; };
		F194CEC91D52FACC004A4A09 /* Base */ = {isa = PBXFileReference; lastKnownFileType = file.storyboard; name = Base; path = Base.lproj/LaunchScreen.storyboard; sourceTree = "<group>"; };
		F194CECB1D52FACC004A4A09 /* Info.plist */ = {isa = PBXFileReference; lastKnownFileType = text.plist.xml; path = Info.plist; sourceTree = "<group>"; };
		F194CED01D52FACC004A4A09 /* neonTests.xctest */ = {isa = PBXFileReference; explicitFileType = wrapper.cfbundle; includeInIndex = 0; path = neonTests.xctest; sourceTree = BUILT_PRODUCTS_DIR; };
		F194CED41D52FACC004A4A09 /* neonTests.m */ = {isa = PBXFileReference; lastKnownFileType = sourcecode.c.objc; path = neonTests.m; sourceTree = "<group>"; };
		F194CED61D52FACC004A4A09 /* Info.plist */ = {isa = PBXFileReference; lastKnownFileType = text.plist.xml; path = Info.plist; sourceTree = "<group>"; };
		F194CEDB1D52FACC004A4A09 /* neonUITests.xctest */ = {isa = PBXFileReference; explicitFileType = wrapper.cfbundle; includeInIndex = 0; path = neonUITests.xctest; sourceTree = BUILT_PRODUCTS_DIR; };
		F194CEDF1D52FACC004A4A09 /* neonUITests.m */ = {isa = PBXFileReference; lastKnownFileType = sourcecode.c.objc; path = neonUITests.m; sourceTree = "<group>"; };
		F194CEE11D52FACC004A4A09 /* Info.plist */ = {isa = PBXFileReference; lastKnownFileType = text.plist.xml; path = Info.plist; sourceTree = "<group>"; };
/* End PBXFileReference section */

/* Begin PBXFrameworksBuildPhase section */
		F194CEB11D52FACC004A4A09 /* Frameworks */ = {
			isa = PBXFrameworksBuildPhase;
			buildActionMask = 2147483647;
			files = (
			);
			runOnlyForDeploymentPostprocessing = 0;
		};
		F194CECD1D52FACC004A4A09 /* Frameworks */ = {
			isa = PBXFrameworksBuildPhase;
			buildActionMask = 2147483647;
			files = (
			);
			runOnlyForDeploymentPostprocessing = 0;
		};
		F194CED81D52FACC004A4A09 /* Frameworks */ = {
			isa = PBXFrameworksBuildPhase;
			buildActionMask = 2147483647;
			files = (
			);
			runOnlyForDeploymentPostprocessing = 0;
		};
/* End PBXFrameworksBuildPhase section */

/* Begin PBXGroup section */
		F13D79BB1D53134B0086116F /* Images */ = {
			isa = PBXGroup;
			children = (
				F13D79C21D53161E0086116F /* white logo-cropped.png */,
				F13D79C01D5314A80086116F /* launch-bg.JPG */,
				F13D79BE1D5313CD0086116F /* white logo.png */,
				F13D79BC1D5313560086116F /* filter.png */,
			);
			name = Images;
			sourceTree = "<group>";
		};
		F17554051D53037900191C4D /* Resources */ = {
			isa = PBXGroup;
			children = (
				F13D79BB1D53134B0086116F /* Images */,
				F17554061D53038100191C4D /* Fonts */,
			);
			name = Resources;
			sourceTree = "<group>";
		};
		F17554061D53038100191C4D /* Fonts */ = {
			isa = PBXGroup;
			children = (
				F17553F11D53036C00191C4D /* maisonneuebold.ttf */,
				F17553F21D53036C00191C4D /* maisonneuebolditalic.ttf */,
				F17553F31D53036C00191C4D /* maisonneuebook.ttf */,
				F17553F41D53036C00191C4D /* maisonneuebookitalic.ttf */,
				F17553F51D53036C00191C4D /* maisonneuemono.ttf */,
				F17553F61D53036C00191C4D /* maisonneuemonoitalic.ttf */,
				F17553F71D53036C00191C4D /* Octavius-bold.otf */,
				F17553F81D53036C00191C4D /* Octavius-condensed-bold.otf */,
				F17553F91D53036C00191C4D /* Octavius-condensed.otf */,
				F17553FA1D53036C00191C4D /* Octavius-regular.otf */,
			);
			name = Fonts;
			sourceTree = "<group>";
		};
		F194CEAB1D52FACC004A4A09 = {
			isa = PBXGroup;
			children = (
				F194CEB61D52FACC004A4A09 /* Project Neon */,
				F194CED31D52FACC004A4A09 /* neonTests */,
				F194CEDE1D52FACC004A4A09 /* neonUITests */,
				F194CEB51D52FACC004A4A09 /* Products */,
			);
			sourceTree = "<group>";
		};
		F194CEB51D52FACC004A4A09 /* Products */ = {
			isa = PBXGroup;
			children = (
				F194CEB41D52FACC004A4A09 /* neon.app */,
				F194CED01D52FACC004A4A09 /* neonTests.xctest */,
				F194CEDB1D52FACC004A4A09 /* neonUITests.xctest */,
			);
			name = Products;
			sourceTree = "<group>";
		};
		F194CEB61D52FACC004A4A09 /* Project Neon */ = {
			isa = PBXGroup;
			children = (
				F194CEBA1D52FACC004A4A09 /* AppDelegate.h */,
				F194CEBB1D52FACC004A4A09 /* AppDelegate.m */,
				F194CEBD1D52FACC004A4A09 /* FirstViewController.h */,
				F194CEBE1D52FACC004A4A09 /* FirstViewController.m */,
				F194CEC01D52FACC004A4A09 /* SecondViewController.h */,
				F194CEC11D52FACC004A4A09 /* SecondViewController.m */,
				F194CEC31D52FACC004A4A09 /* Main.storyboard */,
				F194CEC61D52FACC004A4A09 /* Assets.xcassets */,
				F194CEC81D52FACC004A4A09 /* LaunchScreen.storyboard */,
				F17554051D53037900191C4D /* Resources */,
				F194CECB1D52FACC004A4A09 /* Info.plist */,
				F194CEB71D52FACC004A4A09 /* Supporting Files */,
			);
			name = "Project Neon";
			path = neon;
			sourceTree = "<group>";
		};
		F194CEB71D52FACC004A4A09 /* Supporting Files */ = {
			isa = PBXGroup;
			children = (
				F194CEB81D52FACC004A4A09 /* main.m */,
			);
			name = "Supporting Files";
			sourceTree = "<group>";
		};
		F194CED31D52FACC004A4A09 /* neonTests */ = {
			isa = PBXGroup;
			children = (
				F194CED41D52FACC004A4A09 /* neonTests.m */,
				F194CED61D52FACC004A4A09 /* Info.plist */,
			);
			path = neonTests;
			sourceTree = "<group>";
		};
		F194CEDE1D52FACC004A4A09 /* neonUITests */ = {
			isa = PBXGroup;
			children = (
				F194CEDF1D52FACC004A4A09 /* neonUITests.m */,
				F194CEE11D52FACC004A4A09 /* Info.plist */,
			);
			path = neonUITests;
			sourceTree = "<group>";
		};
/* End PBXGroup section */

/* Begin PBXNativeTarget section */
		F194CEB31D52FACC004A4A09 /* neon */ = {
			isa = PBXNativeTarget;
			buildConfigurationList = F194CEE41D52FACC004A4A09 /* Build configuration list for PBXNativeTarget "neon" */;
			buildPhases = (
				F194CEB01D52FACC004A4A09 /* Sources */,
				F194CEB11D52FACC004A4A09 /* Frameworks */,
				F194CEB21D52FACC004A4A09 /* Resources */,
			);
			buildRules = (
			);
			dependencies = (
			);
			name = neon;
			productName = neon;
			productReference = F194CEB41D52FACC004A4A09 /* neon.app */;
			productType = "com.apple.product-type.application";
		};
		F194CECF1D52FACC004A4A09 /* neonTests */ = {
			isa = PBXNativeTarget;
			buildConfigurationList = F194CEE71D52FACC004A4A09 /* Build configuration list for PBXNativeTarget "neonTests" */;
			buildPhases = (
				F194CECC1D52FACC004A4A09 /* Sources */,
				F194CECD1D52FACC004A4A09 /* Frameworks */,
				F194CECE1D52FACC004A4A09 /* Resources */,
			);
			buildRules = (
			);
			dependencies = (
				F194CED21D52FACC004A4A09 /* PBXTargetDependency */,
			);
			name = neonTests;
			productName = neonTests;
			productReference = F194CED01D52FACC004A4A09 /* neonTests.xctest */;
			productType = "com.apple.product-type.bundle.unit-test";
		};
		F194CEDA1D52FACC004A4A09 /* neonUITests */ = {
			isa = PBXNativeTarget;
			buildConfigurationList = F194CEEA1D52FACC004A4A09 /* Build configuration list for PBXNativeTarget "neonUITests" */;
			buildPhases = (
				F194CED71D52FACC004A4A09 /* Sources */,
				F194CED81D52FACC004A4A09 /* Frameworks */,
				F194CED91D52FACC004A4A09 /* Resources */,
			);
			buildRules = (
			);
			dependencies = (
				F194CEDD1D52FACC004A4A09 /* PBXTargetDependency */,
			);
			name = neonUITests;
			productName = neonUITests;
			productReference = F194CEDB1D52FACC004A4A09 /* neonUITests.xctest */;
			productType = "com.apple.product-type.bundle.ui-testing";
		};
/* End PBXNativeTarget section */

/* Begin PBXProject section */
		F194CEAC1D52FACC004A4A09 /* Project object */ = {
			isa = PBXProject;
			attributes = {
				LastUpgradeCheck = 0730;
				ORGANIZATIONNAME = Wave;
				TargetAttributes = {
					F194CEB31D52FACC004A4A09 = {
						CreatedOnToolsVersion = 7.3.1;
						DevelopmentTeam = 5ERHM7HR4H;
					};
					F194CECF1D52FACC004A4A09 = {
						CreatedOnToolsVersion = 7.3.1;
						TestTargetID = F194CEB31D52FACC004A4A09;
					};
					F194CEDA1D52FACC004A4A09 = {
						CreatedOnToolsVersion = 7.3.1;
						TestTargetID = F194CEB31D52FACC004A4A09;
					};
				};
			};
			buildConfigurationList = F194CEAF1D52FACC004A4A09 /* Build configuration list for PBXProject "Project Neon" */;
			compatibilityVersion = "Xcode 3.2";
			developmentRegion = English;
			hasScannedForEncodings = 0;
			knownRegions = (
				en,
				Base,
			);
			mainGroup = F194CEAB1D52FACC004A4A09;
			productRefGroup = F194CEB51D52FACC004A4A09 /* Products */;
			projectDirPath = "";
			projectRoot = "";
			targets = (
				F194CEB31D52FACC004A4A09 /* neon */,
				F194CECF1D52FACC004A4A09 /* neonTests */,
				F194CEDA1D52FACC004A4A09 /* neonUITests */,
			);
		};
/* End PBXProject section */

/* Begin PBXResourcesBuildPhase section */
		F194CEB21D52FACC004A4A09 /* Resources */ = {
			isa = PBXResourcesBuildPhase;
			buildActionMask = 2147483647;
			files = (
				F194CECA1D52FACC004A4A09 /* LaunchScreen.storyboard in Resources */,
				F194CEC71D52FACC004A4A09 /* Assets.xcassets in Resources */,
				F17553FE1D53036C00191C4D /* maisonneuebookitalic.ttf in Resources */,
				F17553FF1D53036C00191C4D /* maisonneuemono.ttf in Resources */,
				F13D79C31D53161E0086116F /* white logo-cropped.png in Resources */,
				F17554011D53036C00191C4D /* Octavius-bold.otf in Resources */,
				F13D79BF1D5313CD0086116F /* white logo.png in Resources */,
				F17554001D53036C00191C4D /* maisonneuemonoitalic.ttf in Resources */,
				F194CEC51D52FACC004A4A09 /* Main.storyboard in Resources */,
				F17554031D53036C00191C4D /* Octavius-condensed.otf in Resources */,
				F17554041D53036C00191C4D /* Octavius-regular.otf in Resources */,
				F13D79BD1D5313560086116F /* filter.png in Resources */,
				F17553FD1D53036C00191C4D /* maisonneuebook.ttf in Resources */,
				F17554021D53036C00191C4D /* Octavius-condensed-bold.otf in Resources */,
				F13D79C11D5314A80086116F /* launch-bg.JPG in Resources */,
				F17553FB1D53036C00191C4D /* maisonneuebold.ttf in Resources */,
				F17553FC1D53036C00191C4D /* maisonneuebolditalic.ttf in Resources */,
			);
			runOnlyForDeploymentPostprocessing = 0;
		};
		F194CECE1D52FACC004A4A09 /* Resources */ = {
			isa = PBXResourcesBuildPhase;
			buildActionMask = 2147483647;
			files = (
			);
			runOnlyForDeploymentPostprocessing = 0;
		};
		F194CED91D52FACC004A4A09 /* Resources */ = {
			isa = PBXResourcesBuildPhase;
			buildActionMask = 2147483647;
			files = (
			);
			runOnlyForDeploymentPostprocessing = 0;
		};
/* End PBXResourcesBuildPhase section */

/* Begin PBXSourcesBuildPhase section */
		F194CEB01D52FACC004A4A09 /* Sources */ = {
			isa = PBXSourcesBuildPhase;
			buildActionMask = 2147483647;
			files = (
				F194CEC21D52FACC004A4A09 /* SecondViewController.m in Sources */,
				F194CEBC1D52FACC004A4A09 /* AppDelegate.m in Sources */,
				F194CEBF1D52FACC004A4A09 /* FirstViewController.m in Sources */,
				F194CEB91D52FACC004A4A09 /* main.m in Sources */,
			);
			runOnlyForDeploymentPostprocessing = 0;
		};
		F194CECC1D52FACC004A4A09 /* Sources */ = {
			isa = PBXSourcesBuildPhase;
			buildActionMask = 2147483647;
			files = (
				F194CED51D52FACC004A4A09 /* neonTests.m in Sources */,
			);
			runOnlyForDeploymentPostprocessing = 0;
		};
		F194CED71D52FACC004A4A09 /* Sources */ = {
			isa = PBXSourcesBuildPhase;
			buildActionMask = 2147483647;
			files = (
				F194CEE01D52FACC004A4A09 /* neonUITests.m in Sources */,
			);
			runOnlyForDeploymentPostprocessing = 0;
		};
/* End PBXSourcesBuildPhase section */

/* Begin PBXTargetDependency section */
		F194CED21D52FACC004A4A09 /* PBXTargetDependency */ = {
			isa = PBXTargetDependency;
			target = F194CEB31D52FACC004A4A09 /* neon */;
			targetProxy = F194CED11D52FACC004A4A09 /* PBXContainerItemProxy */;
		};
		F194CEDD1D52FACC004A4A09 /* PBXTargetDependency */ = {
			isa = PBXTargetDependency;
			target = F194CEB31D52FACC004A4A09 /* neon */;
			targetProxy = F194CEDC1D52FACC004A4A09 /* PBXContainerItemProxy */;
		};
/* End PBXTargetDependency section */

/* Begin PBXVariantGroup section */
		F194CEC31D52FACC004A4A09 /* Main.storyboard */ = {
			isa = PBXVariantGroup;
			children = (
				F194CEC41D52FACC004A4A09 /* Base */,
			);
			name = Main.storyboard;
			sourceTree = "<group>";
		};
		F194CEC81D52FACC004A4A09 /* LaunchScreen.storyboard */ = {
			isa = PBXVariantGroup;
			children = (
				F194CEC91D52FACC004A4A09 /* Base */,
			);
			name = LaunchScreen.storyboard;
			sourceTree = "<group>";
		};
/* End PBXVariantGroup section */

/* Begin XCBuildConfiguration section */
		F194CEE21D52FACC004A4A09 /* Debug */ = {
			isa = XCBuildConfiguration;
			buildSettings = {
				ALWAYS_SEARCH_USER_PATHS = NO;
				CLANG_ANALYZER_NONNULL = YES;
				CLANG_CXX_LANGUAGE_STANDARD = "gnu++0x";
				CLANG_CXX_LIBRARY = "libc++";
				CLANG_ENABLE_MODULES = YES;
				CLANG_ENABLE_OBJC_ARC = YES;
				CLANG_WARN_BOOL_CONVERSION = YES;
				CLANG_WARN_CONSTANT_CONVERSION = YES;
				CLANG_WARN_DIRECT_OBJC_ISA_USAGE = YES_ERROR;
				CLANG_WARN_EMPTY_BODY = YES;
				CLANG_WARN_ENUM_CONVERSION = YES;
				CLANG_WARN_INT_CONVERSION = YES;
				CLANG_WARN_OBJC_ROOT_CLASS = YES_ERROR;
				CLANG_WARN_UNREACHABLE_CODE = YES;
				CLANG_WARN__DUPLICATE_METHOD_MATCH = YES;
				"CODE_SIGN_IDENTITY[sdk=iphoneos*]" = "iPhone Developer";
				COPY_PHASE_STRIP = NO;
				DEBUG_INFORMATION_FORMAT = dwarf;
				ENABLE_STRICT_OBJC_MSGSEND = YES;
				ENABLE_TESTABILITY = YES;
				GCC_C_LANGUAGE_STANDARD = gnu99;
				GCC_DYNAMIC_NO_PIC = NO;
				GCC_NO_COMMON_BLOCKS = YES;
				GCC_OPTIMIZATION_LEVEL = 0;
				GCC_PREPROCESSOR_DEFINITIONS = (
					"DEBUG=1",
					"$(inherited)",
				);
				GCC_WARN_64_TO_32_BIT_CONVERSION = YES;
				GCC_WARN_ABOUT_RETURN_TYPE = YES_ERROR;
				GCC_WARN_UNDECLARED_SELECTOR = YES;
				GCC_WARN_UNINITIALIZED_AUTOS = YES_AGGRESSIVE;
				GCC_WARN_UNUSED_FUNCTION = YES;
				GCC_WARN_UNUSED_VARIABLE = YES;
				IPHONEOS_DEPLOYMENT_TARGET = 9.3;
				MTL_ENABLE_DEBUG_INFO = YES;
				ONLY_ACTIVE_ARCH = YES;
				SDKROOT = iphoneos;
				TARGETED_DEVICE_FAMILY = "1,2";
			};
			name = Debug;
		};
		F194CEE31D52FACC004A4A09 /* Release */ = {
			isa = XCBuildConfiguration;
			buildSettings = {
				ALWAYS_SEARCH_USER_PATHS = NO;
				CLANG_ANALYZER_NONNULL = YES;
				CLANG_CXX_LANGUAGE_STANDARD = "gnu++0x";
				CLANG_CXX_LIBRARY = "libc++";
				CLANG_ENABLE_MODULES = YES;
				CLANG_ENABLE_OBJC_ARC = YES;
				CLANG_WARN_BOOL_CONVERSION = YES;
				CLANG_WARN_CONSTANT_CONVERSION = YES;
				CLANG_WARN_DIRECT_OBJC_ISA_USAGE = YES_ERROR;
				CLANG_WARN_EMPTY_BODY = YES;
				CLANG_WARN_ENUM_CONVERSION = YES;
				CLANG_WARN_INT_CONVERSION = YES;
				CLANG_WARN_OBJC_ROOT_CLASS = YES_ERROR;
				CLANG_WARN_UNREACHABLE_CODE = YES;
				CLANG_WARN__DUPLICATE_METHOD_MATCH = YES;
				"CODE_SIGN_IDENTITY[sdk=iphoneos*]" = "iPhone Developer";
				COPY_PHASE_STRIP = NO;
				DEBUG_INFORMATION_FORMAT = "dwarf-with-dsym";
				ENABLE_NS_ASSERTIONS = NO;
				ENABLE_STRICT_OBJC_MSGSEND = YES;
				GCC_C_LANGUAGE_STANDARD = gnu99;
				GCC_NO_COMMON_BLOCKS = YES;
				GCC_WARN_64_TO_32_BIT_CONVERSION = YES;
				GCC_WARN_ABOUT_RETURN_TYPE = YES_ERROR;
				GCC_WARN_UNDECLARED_SELECTOR = YES;
				GCC_WARN_UNINITIALIZED_AUTOS = YES_AGGRESSIVE;
				GCC_WARN_UNUSED_FUNCTION = YES;
				GCC_WARN_UNUSED_VARIABLE = YES;
				IPHONEOS_DEPLOYMENT_TARGET = 9.3;
				MTL_ENABLE_DEBUG_INFO = NO;
				SDKROOT = iphoneos;
				TARGETED_DEVICE_FAMILY = "1,2";
				VALIDATE_PRODUCT = YES;
			};
			name = Release;
		};
		F194CEE51D52FACC004A4A09 /* Debug */ = {
			isa = XCBuildConfiguration;
			buildSettings = {
				ASSETCATALOG_COMPILER_APPICON_NAME = AppIcon;
				CODE_SIGN_IDENTITY = "iPhone Developer";
				INFOPLIST_FILE = neon/Info.plist;
				LD_RUNPATH_SEARCH_PATHS = "$(inherited) @executable_path/Frameworks";
				PRODUCT_BUNDLE_IDENTIFIER = com.wvmsc.neon;
				PRODUCT_NAME = "$(TARGET_NAME)";
			};
			name = Debug;
		};
		F194CEE61D52FACC004A4A09 /* Release */ = {
			isa = XCBuildConfiguration;
			buildSettings = {
				ASSETCATALOG_COMPILER_APPICON_NAME = AppIcon;
				CODE_SIGN_IDENTITY = "iPhone Developer";
				INFOPLIST_FILE = neon/Info.plist;
				LD_RUNPATH_SEARCH_PATHS = "$(inherited) @executable_path/Frameworks";
				PRODUCT_BUNDLE_IDENTIFIER = com.wvmsc.neon;
				PRODUCT_NAME = "$(TARGET_NAME)";
			};
			name = Release;
		};
		F194CEE81D52FACC004A4A09 /* Debug */ = {
			isa = XCBuildConfiguration;
			buildSettings = {
				BUNDLE_LOADER = "$(TEST_HOST)";
				INFOPLIST_FILE = neonTests/Info.plist;
				LD_RUNPATH_SEARCH_PATHS = "$(inherited) @executable_path/Frameworks @loader_path/Frameworks";
				PRODUCT_BUNDLE_IDENTIFIER = com.wvmsc.neonTests;
				PRODUCT_NAME = "$(TARGET_NAME)";
				TEST_HOST = "$(BUILT_PRODUCTS_DIR)/neon.app/neon";
			};
			name = Debug;
		};
		F194CEE91D52FACC004A4A09 /* Release */ = {
			isa = XCBuildConfiguration;
			buildSettings = {
				BUNDLE_LOADER = "$(TEST_HOST)";
				INFOPLIST_FILE = neonTests/Info.plist;
				LD_RUNPATH_SEARCH_PATHS = "$(inherited) @executable_path/Frameworks @loader_path/Frameworks";
				PRODUCT_BUNDLE_IDENTIFIER = com.wvmsc.neonTests;
				PRODUCT_NAME = "$(TARGET_NAME)";
				TEST_HOST = "$(BUILT_PRODUCTS_DIR)/neon.app/neon";
			};
			name = Release;
		};
		F194CEEB1D52FACC004A4A09 /* Debug */ = {
			isa = XCBuildConfiguration;
			buildSettings = {
				INFOPLIST_FILE = neonUITests/Info.plist;
				LD_RUNPATH_SEARCH_PATHS = "$(inherited) @executable_path/Frameworks @loader_path/Frameworks";
				PRODUCT_BUNDLE_IDENTIFIER = com.wvmsc.neonUITests;
				PRODUCT_NAME = "$(TARGET_NAME)";
				TEST_TARGET_NAME = neon;
			};
			name = Debug;
		};
		F194CEEC1D52FACC004A4A09 /* Release */ = {
			isa = XCBuildConfiguration;
			buildSettings = {
				INFOPLIST_FILE = neonUITests/Info.plist;
				LD_RUNPATH_SEARCH_PATHS = "$(inherited) @executable_path/Frameworks @loader_path/Frameworks";
				PRODUCT_BUNDLE_IDENTIFIER = com.wvmsc.neonUITests;
				PRODUCT_NAME = "$(TARGET_NAME)";
				TEST_TARGET_NAME = neon;
			};
			name = Release;
		};
/* End XCBuildConfiguration section */

/* Begin XCConfigurationList section */
		F194CEAF1D52FACC004A4A09 /* Build configuration list for PBXProject "Project Neon" */ = {
			isa = XCConfigurationList;
			buildConfigurations = (
				F194CEE21D52FACC004A4A09 /* Debug */,
				F194CEE31D52FACC004A4A09 /* Release */,
			);
			defaultConfigurationIsVisible = 0;
			defaultConfigurationName = Release;
		};
		F194CEE41D52FACC004A4A09 /* Build configuration list for PBXNativeTarget "neon" */ = {
			isa = XCConfigurationList;
			buildConfigurations = (
				F194CEE51D52FACC004A4A09 /* Debug */,
				F194CEE61D52FACC004A4A09 /* Release */,
			);
			defaultConfigurationIsVisible = 0;
			defaultConfigurationName = Release;
		};
		F194CEE71D52FACC004A4A09 /* Build configuration list for PBXNativeTarget "neonTests" */ = {
			isa = XCConfigurationList;
			buildConfigurations = (
				F194CEE81D52FACC004A4A09 /* Debug */,
				F194CEE91D52FACC004A4A09 /* Release */,
			);
			defaultConfigurationIsVisible = 0;
			defaultConfigurationName = Release;
		};
		F194CEEA1D52FACC004A4A09 /* Build configuration list for PBXNativeTarget "neonUITests" */ = {
			isa = XCConfigurationList;
			buildConfigurations = (
				F194CEEB1D52FACC004A4A09 /* Debug */,
				F194CEEC1D52FACC004A4A09 /* Release */,
			);
			defaultConfigurationIsVisible = 0;
			defaultConfigurationName = Release;
		};
/* End XCConfigurationList section */
	};
	rootObject = F194CEAC1D52FACC004A4A09 /* Project object */;
}
